// !$*UTF8*$!
{
	archiveVersion = 1;
	classes = {
	};
	objectVersion = 56;
	objects = {

/* Begin PBXBuildFile section */
		BB000001BB000001BB000001 /* WanderApp.swift in Sources */ = {isa = PBXBuildFile; fileRef = AA000001AA000001AA000001 /* WanderApp.swift */; };
		BB000002BB000002BB000002 /* RootView.swift in Sources */ = {isa = PBXBuildFile; fileRef = AA000002AA000002AA000002 /* RootView.swift */; };
		BB000003BB000003BB000003 /* DesignSystem.swift in Sources */ = {isa = PBXBuildFile; fileRef = AA000003AA000003AA000003 /* DesignSystem.swift */; };
		BB000004BB000004BB000004 /* PhotoRepository.swift in Sources */ = {isa = PBXBuildFile; fileRef = AA000004AA000004AA000004 /* PhotoRepository.swift */; };
		BB000005BB000005BB000005 /* Entry.swift in Sources */ = {isa = PBXBuildFile; fileRef = AA000005AA000005AA000005 /* Entry.swift */; };
		BB000006BB000006BB000006 /* EntryStore.swift in Sources */ = {isa = PBXBuildFile; fileRef = AA000006AA000006AA000006 /* EntryStore.swift */; };
		BB000007BB000007BB000007 /* HomeView.swift in Sources */ = {isa = PBXBuildFile; fileRef = AA000007AA000007AA000007 /* HomeView.swift */; };
		BB000008BB000008BB000008 /* LocationManager.swift in Sources */ = {isa = PBXBuildFile; fileRef = AA000008AA000008AA000008 /* LocationManager.swift */; };
		BB000009BB000009BB000009 /* Tag.swift in Sources */ = {isa = PBXBuildFile; fileRef = AA000009AA000009AA000009 /* Tag.swift */; };
		BB00000ABB00000ABB00000A /* CollectionView.swift in Sources */ = {isa = PBXBuildFile; fileRef = AA00000AAA00000AAA00000A /* CollectionView.swift */; };
		BB00000BBB00000BBB00000B /* MapTabView.swift in Sources */ = {isa = PBXBuildFile; fileRef = AA00000BAA00000BAA00000B /* MapTabView.swift */; };
		BB00000CBB00000CBB00000C /* EntryCard.swift in Sources */ = {isa = PBXBuildFile; fileRef = AA00000CAA00000CAA00000C /* EntryCard.swift */; };
		BB00000DBB00000DBB00000D /* EntryDetailView.swift in Sources */ = {isa = PBXBuildFile; fileRef = AA00000DAA00000DAA00000D /* EntryDetailView.swift */; };
		BB00000EBB00000EBB00000E /* ProfileView.swift in Sources */ = {isa = PBXBuildFile; fileRef = AA00000EAA00000EAA00000E /* ProfileView.swift */; };
		BB00000FBB00000FBB00000F /* AddEntryView.swift in Sources */ = {isa = PBXBuildFile; fileRef = AA00000FAA00000FAA00000F /* AddEntryView.swift */; };
		BB000010BB000010BB000010 /* Assets.xcassets in Resources */ = {isa = PBXBuildFile; fileRef = AA000010AA000010AA000010 /* Assets.xcassets */; };
		BB000012BB000012BB000012 /* LanguageManager.swift in Sources */ = {isa = PBXBuildFile; fileRef = AA000012AA000012AA000012 /* LanguageManager.swift */; };
		BB000013BB000013BB000013 /* CalendarView.swift in Sources */ = {isa = PBXBuildFile; fileRef = AA000013AA000013AA000013 /* CalendarView.swift */; };
		C27D8B092F869DAD00EEDDA5 /* FullMapView.swift in Sources */ = {isa = PBXBuildFile; fileRef = C27D8B082F869DAD00EEDDA5 /* FullMapView.swift */; };
		C27D8B0B2F86A24800EEDDA5 /* IconPickerSheet.swift in Sources */ = {isa = PBXBuildFile; fileRef = C27D8B0A2F86A24800EEDDA5 /* IconPickerSheet.swift */; };
		C27D8B0D2F86B00000EEDDA5 /* LocalizedMapView.swift in Sources */ = {isa = PBXBuildFile; fileRef = C27D8B0C2F86B00000EEDDA5 /* LocalizedMapView.swift */; };
/* End PBXBuildFile section */

/* Begin PBXFileReference section */
		41B7F8162F5C404E00AB0757 /* Kiro Book.app */ = {isa = PBXFileReference; explicitFileType = wrapper.application; includeInIndex = 0; path = "Kiro Book.app"; sourceTree = BUILT_PRODUCTS_DIR; };
		AA000001AA000001AA000001 /* WanderApp.swift */ = {isa = PBXFileReference; lastKnownFileType = sourcecode.swift; path = WanderApp.swift; sourceTree = "<group>"; };
		AA000002AA000002AA000002 /* RootView.swift */ = {isa = PBXFileReference; lastKnownFileType = sourcecode.swift; path = RootView.swift; sourceTree = "<group>"; };
		AA000003AA000003AA000003 /* DesignSystem.swift */ = {isa = PBXFileReference; lastKnownFileType = sourcecode.swift; path = DesignSystem.swift; sourceTree = "<group>"; };
		AA000004AA000004AA000004 /* PhotoRepository.swift */ = {isa = PBXFileReference; lastKnownFileType = sourcecode.swift; path = PhotoRepository.swift; sourceTree = "<group>"; };
		AA000005AA000005AA000005 /* Entry.swift */ = {isa = PBXFileReference; lastKnownFileType = sourcecode.swift; path = Entry.swift; sourceTree = "<group>"; };
		AA000006AA000006AA000006 /* EntryStore.swift */ = {isa = PBXFileReference; lastKnownFileType = sourcecode.swift; path = EntryStore.swift; sourceTree = "<group>"; };
		AA000007AA000007AA000007 /* HomeView.swift */ = {isa = PBXFileReference; lastKnownFileType = sourcecode.swift; path = HomeView.swift; sourceTree = "<group>"; };
		AA000008AA000008AA000008 /* LocationManager.swift */ = {isa = PBXFileReference; lastKnownFileType = sourcecode.swift; path = LocationManager.swift; sourceTree = "<group>"; };
		AA000009AA000009AA000009 /* Tag.swift */ = {isa = PBXFileReference; lastKnownFileType = sourcecode.swift; path = Tag.swift; sourceTree = "<group>"; };
		AA00000AAA00000AAA00000A /* CollectionView.swift */ = {isa = PBXFileReference; lastKnownFileType = sourcecode.swift; path = CollectionView.swift; sourceTree = "<group>"; };
		AA00000BAA00000BAA00000B /* MapTabView.swift */ = {isa = PBXFileReference; lastKnownFileType = sourcecode.swift; path = MapTabView.swift; sourceTree = "<group>"; };
		AA00000CAA00000CAA00000C /* EntryCard.swift */ = {isa = PBXFileReference; lastKnownFileType = sourcecode.swift; path = EntryCard.swift; sourceTree = "<group>"; };
		AA00000DAA00000DAA00000D /* EntryDetailView.swift */ = {isa = PBXFileReference; lastKnownFileType = sourcecode.swift; path = EntryDetailView.swift; sourceTree = "<group>"; };
		AA00000EAA00000EAA00000E /* ProfileView.swift */ = {isa = PBXFileReference; lastKnownFileType = sourcecode.swift; path = ProfileView.swift; sourceTree = "<group>"; };
		AA00000FAA00000FAA00000F /* AddEntryView.swift */ = {isa = PBXFileReference; lastKnownFileType = sourcecode.swift; path = AddEntryView.swift; sourceTree = "<group>"; };
		AA000010AA000010AA000010 /* Assets.xcassets */ = {isa = PBXFileReference; lastKnownFileType = folder.assetcatalog; path = Assets.xcassets; sourceTree = "<group>"; };
		AA000011AA000011AA000011 /* Info.plist */ = {isa = PBXFileReference; lastKnownFileType = text.plist.xml; path = Info.plist; sourceTree = "<group>"; };
		AA000012AA000012AA000012 /* LanguageManager.swift */ = {isa = PBXFileReference; lastKnownFileType = sourcecode.swift; path = LanguageManager.swift; sourceTree = "<group>"; };
		AA000013AA000013AA000013 /* CalendarView.swift */ = {isa = PBXFileReference; lastKnownFileType = sourcecode.swift; path = CalendarView.swift; sourceTree = "<group>"; };
		C27D8B082F869DAD00EEDDA5 /* FullMapView.swift */ = {isa = PBXFileReference; lastKnownFileType = sourcecode.swift; path = FullMapView.swift; sourceTree = "<group>"; };
		C27D8B0A2F86A24800EEDDA5 /* IconPickerSheet.swift */ = {isa = PBXFileReference; lastKnownFileType = sourcecode.swift; path = IconPickerSheet.swift; sourceTree = "<group>"; };
		C27D8B0C2F86B00000EEDDA5 /* LocalizedMapView.swift */ = {isa = PBXFileReference; lastKnownFileType = sourcecode.swift; path = LocalizedMapView.swift; sourceTree = "<group>"; };
/* End PBXFileReference section */

/* Begin PBXFrameworksBuildPhase section */
		41B7F8132F5C404E00AB0757 /* Frameworks */ = {
			isa = PBXFrameworksBuildPhase;
			buildActionMask = 2147483647;
			files = (
			);
			runOnlyForDeploymentPostprocessing = 0;
		};
/* End PBXFrameworksBuildPhase section */

/* Begin PBXGroup section */
		41B7F80D2F5C404E00AB0757 = {
			isa = PBXGroup;
			children = (
				CC000001CC000001CC000001 /* WanderLog */,
				41B7F8172F5C404E00AB0757 /* Products */,
			);
			sourceTree = "<group>";
		};
		41B7F8172F5C404E00AB0757 /* Products */ = {
			isa = PBXGroup;
			children = (
				41B7F8162F5C404E00AB0757 /* Kiro Book.app */,
			);
			name = Products;
			sourceTree = "<group>";
		};
		CC000001CC000001CC000001 /* WanderLog */ = {
			isa = PBXGroup;
			children = (
				AA000001AA000001AA000001 /* WanderApp.swift */,
				AA000002AA000002AA000002 /* RootView.swift */,
				AA000003AA000003AA000003 /* DesignSystem.swift */,
				AA000004AA000004AA000004 /* PhotoRepository.swift */,
				AA000005AA000005AA000005 /* Entry.swift */,
				AA000006AA000006AA000006 /* EntryStore.swift */,
				AA000007AA000007AA000007 /* HomeView.swift */,
				AA000008AA000008AA000008 /* LocationManager.swift */,
				AA000009AA000009AA000009 /* Tag.swift */,
				AA00000AAA00000AAA00000A /* CollectionView.swift */,
				AA00000BAA00000BAA00000B /* MapTabView.swift */,
				AA00000CAA00000CAA00000C /* EntryCard.swift */,
				AA00000DAA00000DAA00000D /* EntryDetailView.swift */,
				AA00000EAA00000EAA00000E /* ProfileView.swift */,
				C27D8B0A2F86A24800EEDDA5 /* IconPickerSheet.swift */,
				C27D8B082F869DAD00EEDDA5 /* FullMapView.swift */,
				C27D8B0C2F86B00000EEDDA5 /* LocalizedMapView.swift */,
				AA00000FAA00000FAA00000F /* AddEntryView.swift */,
				AA000010AA000010AA000010 /* Assets.xcassets */,
				AA000011AA000011AA000011 /* Info.plist */,
				AA000012AA000012AA000012 /* LanguageManager.swift */,
				AA000013AA000013AA000013 /* CalendarView.swift */,
			);
			path = WanderLog;
			sourceTree = "<group>";
		};
/* End PBXGroup section */

/* Begin PBXNativeTarget section */
		41B7F8152F5C404E00AB0757 /* WanderLog */ = {
			isa = PBXNativeTarget;
			buildConfigurationList = 41B7F8232F5C405300AB0757 /* Build configuration list for PBXNativeTarget "WanderLog" */;
			buildPhases = (
				41B7F8122F5C404E00AB0757 /* Sources */,
				41B7F8132F5C404E00AB0757 /* Frameworks */,
				41B7F8142F5C404E00AB0757 /* Resources */,
			);
			buildRules = (
			);
			dependencies = (
			);
			name = WanderLog;
			packageProductDependencies = (
			);
			productName = WanderLog;
			productReference = 41B7F8162F5C404E00AB0757 /* Kiro Book.app */;
			productType = "com.apple.product-type.application";
		};
/* End PBXNativeTarget section */

/* Begin PBXProject section */
		41B7F80E2F5C404E00AB0757 /* Project object */ = {
			isa = PBXProject;
			attributes = {
				BuildIndependentTargetsInParallel = 1;
				LastSwiftUpdateCheck = 1420;
				LastUpgradeCheck = 1420;
				TargetAttributes = {
					41B7F8152F5C404E00AB0757 = {
						CreatedOnToolsVersion = 14.2;
					};
				};
			};
			buildConfigurationList = 41B7F8112F5C404E00AB0757 /* Build configuration list for PBXProject "WanderLog" */;
			compatibilityVersion = "Xcode 14.0";
			developmentRegion = en;
			hasScannedForEncodings = 0;
			knownRegions = (
				en,
				Base,
			);
			mainGroup = 41B7F80D2F5C404E00AB0757;
			productRefGroup = 41B7F8172F5C404E00AB0757 /* Products */;
			projectDirPath = "";
			projectRoot = "";
			targets = (
				41B7F8152F5C404E00AB0757 /* WanderLog */,
			);
		};
/* End PBXProject section */

/* Begin PBXResourcesBuildPhase section */
		41B7F8142F5C404E00AB0757 /* Resources */ = {
			isa = PBXResourcesBuildPhase;
			buildActionMask = 2147483647;
			files = (
				BB000010BB000010BB000010 /* Assets.xcassets in Resources */,
			);
			runOnlyForDeploymentPostprocessing = 0;
		};
/* End PBXResourcesBuildPhase section */

/* Begin PBXSourcesBuildPhase section */
		41B7F8122F5C404E00AB0757 /* Sources */ = {
			isa = PBXSourcesBuildPhase;
			buildActionMask = 2147483647;
			files = (
				BB000001BB000001BB000001 /* WanderApp.swift in Sources */,
				BB000002BB000002BB000002 /* RootView.swift in Sources */,
				BB000003BB000003BB000003 /* DesignSystem.swift in Sources */,
				BB000004BB000004BB000004 /* PhotoRepository.swift in Sources */,
				C27D8B092F869DAD00EEDDA5 /* FullMapView.swift in Sources */,
				C27D8B0B2F86A24800EEDDA5 /* IconPickerSheet.swift in Sources */,
				C27D8B0D2F86B00000EEDDA5 /* LocalizedMapView.swift in Sources */,
				BB000005BB000005BB000005 /* Entry.swift in Sources */,
				BB000006BB000006BB000006 /* EntryStore.swift in Sources */,
				BB000007BB000007BB000007 /* HomeView.swift in Sources */,
				BB000008BB000008BB000008 /* LocationManager.swift in Sources */,
				BB000009BB000009BB000009 /* Tag.swift in Sources */,
				BB00000ABB00000ABB00000A /* CollectionView.swift in Sources */,
				BB00000BBB00000BBB00000B /* MapTabView.swift in Sources */,
				BB00000CBB00000CBB00000C /* EntryCard.swift in Sources */,
				BB00000DBB00000DBB00000D /* EntryDetailView.swift in Sources */,
				BB00000EBB00000EBB00000E /* ProfileView.swift in Sources */,
				BB00000FBB00000FBB00000F /* AddEntryView.swift in Sources */,
				BB000012BB000012BB000012 /* LanguageManager.swift in Sources */,
				BB000013BB000013BB000013 /* CalendarView.swift in Sources */,
			);
			runOnlyForDeploymentPostprocessing = 0;
		};
/* End PBXSourcesBuildPhase section */

/* Begin XCBuildConfiguration section */
		41B7F8212F5C405300AB0757 /* Debug */ = {
			isa = XCBuildConfiguration;
			buildSettings = {
				ALWAYS_SEARCH_USER_PATHS = NO;
				CLANG_ANALYZER_NONNULL = YES;
				CLANG_ANALYZER_NUMBER_OBJECT_CONVERSION = YES_AGGRESSIVE;
				CLANG_CXX_LANGUAGE_STANDARD = "gnu++20";
				CLANG_ENABLE_MODULES = YES;
				CLANG_ENABLE_OBJC_ARC = YES;
				CLANG_ENABLE_OBJC_WEAK = YES;
				CLANG_WARN_BLOCK_CAPTURE_AUTORELEASING = YES;
				CLANG_WARN_BOOL_CONVERSION = YES;
				CLANG_WARN_COMMA = YES;
				CLANG_WARN_CONSTANT_CONVERSION = YES;
				CLANG_WARN_DEPRECATED_OBJC_IMPLEMENTATIONS = YES;
				CLANG_WARN_DIRECT_OBJC_ISA_USAGE = YES_ERROR;
				CLANG_WARN_DOCUMENTATION_COMMENTS = YES;
				CLANG_WARN_EMPTY_BODY = YES;
				CLANG_WARN_ENUM_CONVERSION = YES;
				CLANG_WARN_INFINITE_RECURSION = YES;
				CLANG_WARN_INT_CONVERSION = YES;
				CLANG_WARN_NON_LITERAL_NULL_CONVERSION = YES;
				CLANG_WARN_OBJC_IMPLICIT_RETAIN_SELF = YES;
				CLANG_WARN_OBJC_LITERAL_CONVERSION = YES;
				CLANG_WARN_OBJC_ROOT_CLASS = YES_ERROR;
				CLANG_WARN_QUOTED_INCLUDE_IN_FRAMEWORK_HEADER = YES;
				CLANG_WARN_RANGE_LOOP_ANALYSIS = YES;
				CLANG_WARN_STRICT_PROTOTYPES = YES;
				CLANG_WARN_SUSPICIOUS_MOVE = YES;
				CLANG_WARN_UNGUARDED_AVAILABILITY = YES_AGGRESSIVE;
				CLANG_WARN_UNREACHABLE_CODE = YES;
				CLANG_WARN__DUPLICATE_METHOD_MATCH = YES;
				COPY_PHASE_STRIP = NO;
				DEBUG_INFORMATION_FORMAT = dwarf;
				DEVELOPMENT_TEAM = 5CU6L75C9G;
				ENABLE_STRICT_OBJC_MSGSEND = YES;
				ENABLE_TESTABILITY = YES;
				GCC_C_LANGUAGE_STANDARD = gnu17;
				GCC_DYNAMIC_NO_PIC = NO;
				GCC_NO_COMMON_BLOCKS = YES;
				GCC_OPTIMIZATION_LEVEL = 0;
				GCC_PREPROCESSOR_DEFINITIONS = (
					"DEBUG=1",
					"$(inherited)",
				);
				GCC_WARN_64_TO_32_BIT_CONVERSION = YES;
				GCC_WARN_ABOUT_RETURN_TYPE = YES_ERROR;
				GCC_WARN_UNDECLARED_SELECTOR = YES;
				GCC_WARN_UNINITIALIZED_AUTOS = YES_AGGRESSIVE;
				GCC_WARN_UNUSED_FUNCTION = YES;
				GCC_WARN_UNUSED_VARIABLE = YES;
				IPHONEOS_DEPLOYMENT_TARGET = 16.0;
				MTL_ENABLE_DEBUG_INFO = INCLUDE_SOURCE;
				MTL_FAST_MATH = YES;
				ONLY_ACTIVE_ARCH = YES;
				SDKROOT = iphoneos;
				SWIFT_ACTIVE_COMPILATION_CONDITIONS = DEBUG;
				SWIFT_OPTIMIZATION_LEVEL = "-Onone";
			};
			name = Debug;
		};
		41B7F8222F5C405300AB0757 /* Release */ = {
			isa = XCBuildConfiguration;
			buildSettings = {
				ALWAYS_SEARCH_USER_PATHS = NO;
				CLANG_ANALYZER_NONNULL = YES;
				CLANG_ANALYZER_NUMBER_OBJECT_CONVERSION = YES_AGGRESSIVE;
				CLANG_CXX_LANGUAGE_STANDARD = "gnu++20";
				CLANG_ENABLE_MODULES = YES;
				CLANG_ENABLE_OBJC_ARC = YES;
				CLANG_ENABLE_OBJC_WEAK = YES;
				CLANG_WARN_BLOCK_CAPTURE_AUTORELEASING = YES;
				CLANG_WARN_BOOL_CONVERSION = YES;
				CLANG_WARN_COMMA = YES;
				CLANG_WARN_CONSTANT_CONVERSION = YES;
				CLANG_WARN_DEPRECATED_OBJC_IMPLEMENTATIONS = YES;
				CLANG_WARN_DIRECT_OBJC_ISA_USAGE = YES_ERROR;
				CLANG_WARN_DOCUMENTATION_COMMENTS = YES;
				CLANG_WARN_EMPTY_BODY = YES;
				CLANG_WARN_ENUM_CONVERSION = YES;
				CLANG_WARN_INFINITE_RECURSION = YES;
				CLANG_WARN_INT_CONVERSION = YES;
				CLANG_WARN_NON_LITERAL_NULL_CONVERSION = YES;
				CLANG_WARN_OBJC_IMPLICIT_RETAIN_SELF = YES;
				CLANG_WARN_OBJC_LITERAL_CONVERSION = YES;
				CLANG_WARN_OBJC_ROOT_CLASS = YES_ERROR;
				CLANG_WARN_QUOTED_INCLUDE_IN_FRAMEWORK_HEADER = YES;
				CLANG_WARN_RANGE_LOOP_ANALYSIS = YES;
				CLANG_WARN_STRICT_PROTOTYPES = YES;
				CLANG_WARN_SUSPICIOUS_MOVE = YES;
				CLANG_WARN_UNGUARDED_AVAILABILITY = YES_AGGRESSIVE;
				CLANG_WARN_UNREACHABLE_CODE = YES;
				CLANG_WARN__DUPLICATE_METHOD_MATCH = YES;
				COPY_PHASE_STRIP = NO;
				DEBUG_INFORMATION_FORMAT = "dwarf-with-dsym";
				DEVELOPMENT_TEAM = 5CU6L75C9G;
				ENABLE_NS_ASSERTIONS = NO;
				ENABLE_STRICT_OBJC_MSGSEND = YES;
				GCC_C_LANGUAGE_STANDARD = gnu17;
				GCC_NO_COMMON_BLOCKS = YES;
				GCC_WARN_64_TO_32_BIT_CONVERSION = YES;
				GCC_WARN_ABOUT_RETURN_TYPE = YES_ERROR;
				GCC_WARN_UNDECLARED_SELECTOR = YES;
				GCC_WARN_UNINITIALIZED_AUTOS = YES_AGGRESSIVE;
				GCC_WARN_UNUSED_FUNCTION = YES;
				GCC_WARN_UNUSED_VARIABLE = YES;
				IPHONEOS_DEPLOYMENT_TARGET = 16.0;
				MTL_ENABLE_DEBUG_INFO = NO;
				MTL_FAST_MATH = YES;
				SDKROOT = iphoneos;
				SWIFT_COMPILATION_MODE = wholemodule;
				VALIDATE_PRODUCT = YES;
			};
			name = Release;
		};
		41B7F8242F5C405300AB0757 /* Debug */ = {
			isa = XCBuildConfiguration;
			buildSettings = {
				ASSETCATALOG_COMPILER_APPICON_NAME = AppIcon;
				ASSETCATALOG_COMPILER_GLOBAL_ACCENT_COLOR_NAME = AccentColor;
				CODE_SIGN_STYLE = Automatic;
				CURRENT_PROJECT_VERSION = 4;
				DEVELOPMENT_TEAM = 5CU6L75C9G;
				ENABLE_PREVIEWS = YES;
				GENERATE_INFOPLIST_FILE = YES;
				INFOPLIST_FILE = WanderLog/Info.plist;
				INFOPLIST_KEY_CFBundleDisplayName = "Kiro Book";
				INFOPLIST_KEY_LSApplicationCategoryType = "public.app-category.utilities";
				INFOPLIST_KEY_NSLocationWhenInUseUsageDescription = "WanderLog 需要获取你的位置，以便自动填写打卡城市和国家";
				INFOPLIST_KEY_NSPhotoLibraryUsageDescription = "WanderLog 需要访问你的相册，以便添加打卡照片";
				INFOPLIST_KEY_UIApplicationSceneManifest_Generation = YES;
				INFOPLIST_KEY_UIApplicationSupportsIndirectInputEvents = YES;
				INFOPLIST_KEY_UILaunchScreen_Generation = YES;
				INFOPLIST_KEY_UISupportedInterfaceOrientations_iPad = "UIInterfaceOrientationPortrait UIInterfaceOrientationPortraitUpsideDown UIInterfaceOrientationLandscapeLeft UIInterfaceOrientationLandscapeRight";
				INFOPLIST_KEY_UISupportedInterfaceOrientations_iPhone = "UIInterfaceOrientationPortrait UIInterfaceOrientationLandscapeLeft UIInterfaceOrientationLandscapeRight";
				IPHONEOS_DEPLOYMENT_TARGET = 16.0;
				LD_RUNPATH_SEARCH_PATHS = (
					"$(inherited)",
					"@executable_path/Frameworks",
				);
				MARKETING_VERSION = 1.0.4;
				PRODUCT_BUNDLE_IDENTIFIER = "com.minami-studio.kiro";
				PRODUCT_NAME = "Kiro Book";
				SUPPORTED_PLATFORMS = "iphoneos iphonesimulator";
				SUPPORTS_MACCATALYST = NO;
				SUPPORTS_MAC_DESIGNED_FOR_IPHONE_IPAD = NO;
				SWIFT_EMIT_LOC_STRINGS = YES;
				SWIFT_VERSION = 5.0;
				TARGETED_DEVICE_FAMILY = 1;
			};
			name = Debug;
		};
		41B7F8252F5C405300AB0757 /* Release */ = {
			isa = XCBuildConfiguration;
			buildSettings = {
				ASSETCATALOG_COMPILER_APPICON_NAME = AppIcon;
				ASSETCATALOG_COMPILER_GLOBAL_ACCENT_COLOR_NAME = AccentColor;
				CODE_SIGN_STYLE = Automatic;
				CURRENT_PROJECT_VERSION = 4;
				DEVELOPMENT_TEAM = 5CU6L75C9G;
				ENABLE_PREVIEWS = YES;
				GENERATE_INFOPLIST_FILE = YES;
				INFOPLIST_FILE = WanderLog/Info.plist;
				INFOPLIST_KEY_CFBundleDisplayName = "Kiro Book";
				INFOPLIST_KEY_LSApplicationCategoryType = "public.app-category.utilities";
				INFOPLIST_KEY_NSLocationWhenInUseUsageDescription = "WanderLog 需要获取你的位置，以便自动填写打卡城市和国家";
				INFOPLIST_KEY_NSPhotoLibraryUsageDescription = "WanderLog 需要访问你的相册，以便添加打卡照片";
				INFOPLIST_KEY_UIApplicationSceneManifest_Generation = YES;
				INFOPLIST_KEY_UIApplicationSupportsIndirectInputEvents = YES;
				INFOPLIST_KEY_UILaunchScreen_Generation = YES;
				INFOPLIST_KEY_UISupportedInterfaceOrientations_iPad = "UIInterfaceOrientationPortrait UIInterfaceOrientationPortraitUpsideDown UIInterfaceOrientationLandscapeLeft UIInterfaceOrientationLandscapeRight";
				INFOPLIST_KEY_UISupportedInterfaceOrientations_iPhone = "UIInterfaceOrientationPortrait UIInterfaceOrientationLandscapeLeft UIInterfaceOrientationLandscapeRight";
				IPHONEOS_DEPLOYMENT_TARGET = 16.0;
				LD_RUNPATH_SEARCH_PATHS = (
					"$(inherited)",
					"@executable_path/Frameworks",
				);
				MARKETING_VERSION = 1.0.4;
				PRODUCT_BUNDLE_IDENTIFIER = "com.minami-studio.kiro";
				PRODUCT_NAME = "Kiro Book";
				SUPPORTED_PLATFORMS = "iphoneos iphonesimulator";
				SUPPORTS_MACCATALYST = NO;
				SUPPORTS_MAC_DESIGNED_FOR_IPHONE_IPAD = NO;
				SWIFT_EMIT_LOC_STRINGS = YES;
				SWIFT_VERSION = 5.0;
				TARGETED_DEVICE_FAMILY = 1;
			};
			name = Release;
		};
/* End XCBuildConfiguration section */

/* Begin XCConfigurationList section */
		41B7F8112F5C404E00AB0757 /* Build configuration list for PBXProject "WanderLog" */ = {
			isa = XCConfigurationList;
			buildConfigurations = (
				41B7F8212F5C405300AB0757 /* Debug */,
				41B7F8222F5C405300AB0757 /* Release */,
			);
			defaultConfigurationIsVisible = 0;
			defaultConfigurationName = Release;
		};
		41B7F8232F5C405300AB0757 /* Build configuration list for PBXNativeTarget "WanderLog" */ = {
			isa = XCConfigurationList;
			buildConfigurations = (
				41B7F8242F5C405300AB0757 /* Debug */,
				41B7F8252F5C405300AB0757 /* Release */,
			);
			defaultConfigurationIsVisible = 0;
			defaultConfigurationName = Release;
		};
/* End XCConfigurationList section */
	};
	rootObject = 41B7F80E2F5C404E00AB0757 /* Project object */;
}
